PODS:
  - audio_manager (0.0.1):
    - Flutter
  - audioplayer (0.0.1):
    - Flutter
  - Flutter (1.0.0)

DEPENDENCIES:
  - audio_manager (from `.symlinks/plugins/audio_manager/ios`)
  - audioplayer (from `.symlinks/plugins/audioplayer/ios`)
  - Flutter (from `Flutter`)

EXTERNAL SOURCES:
  audio_manager:
    :path: ".symlinks/plugins/audio_manager/ios"
  audioplayer:
    :path: ".symlinks/plugins/audioplayer/ios"
  Flutter:
    :path: Flutter

SPEC CHECKSUMS:
  audio_manager: 59466b2ea5552ebdcba8106796f09b9357ef12e0
  audioplayer: 0584f31a697e4b0bbad405ae7903d7a93585e784
  Flutter: f04841e97a9d0b0a8025694d0796dd46242b2854

PODFILE CHECKSUM: ef19549a9bc3046e7bb7d2fab4d021637c0c58a3

COCOAPODS: 1.11.3
